
Microsoft Visual Studio Solution File, Format Version 12.00
# Visual Studio Version 16
VisualStudioVersion = 16.0.810.16
MinimumVisualStudioVersion = 10.0.40219.1
Project("{FAE04EC0-301F-11D3-BF4B-00C04F79EFBC}") = "ProteinDotNet", "ProteinDotNet\ProteinDotNet.csproj", "{ED443DEE-1F09-4766-AEBB-97B245ACE290}"
EndProject
Global
	GlobalSection(SolutionConfigurationPlatforms) = preSolution
		Debug|Any CPU = Debug|Any CPU
		Release|Any CPU = Release|Any CPU
	EndGlobalSection
	GlobalSection(ProjectConfigurationPlatforms) = postSolution
		{ED443DEE-1F09-4766-AEBB-97B245ACE290}.Debug|Any CPU.ActiveCfg = Debug|Any CPU
		{ED443DEE-1F09-4766-AEBB-97B245ACE290}.Debug|Any CPU.Build.0 = Debug|Any CPU
		{ED443DEE-1F09-4766-AEBB-97B245ACE290}.Release|Any CPU.ActiveCfg = Release|Any CPU
		{ED443DEE-1F09-4766-AEBB-97B245ACE290}.Release|Any CPU.Build.0 = Release|Any CPU
	EndGlobalSection
	GlobalSection(SolutionProperties) = preSolution
		HideSolutionNode = FALSE
	EndGlobalSection
	GlobalSection(ExtensibilityGlobals) = postSolution
		SolutionGuid = {032D9259-04A2-4E25-B955-3367A484C0DC}
	EndGlobalSection
EndGlobal
